
Microsoft Visual Studio Solution File, Format Version 11.00
# Visual Studio 2010
Project("{FAE04EC0-301F-11D3-BF4B-00C04F79EFBC}") = "Moe", "Moe\Moe.csproj", "{6ACB51AE-6C4A-479D-9F59-51DCF0565A17}"
EndProject
Project("{FAE04EC0-301F-11D3-BF4B-00C04F79EFBC}") = "MoeTests", "MoeTests\MoeTests.csproj", "{85D4AC2F-B4A5-49BD-9A77-5B6335028B0B}"
EndProject
Project("{2150E333-8FDC-42A3-9474-1A3956D46DE8}") = "Solution Items", "Solution Items", "{C0452E3D-8FF4-4DF6-AB3F-8B7CD514236D}"
	ProjectSection(SolutionItems) = preProject
		Local.testsettings = Local.testsettings
		Moe.vsmdi = Moe.vsmdi
		TraceAndTestImpact.testsettings = TraceAndTestImpact.testsettings
	EndProjectSection
EndProject
Project("{FAE04EC0-301F-11D3-BF4B-00C04F79EFBC}") = "UnitTestProjectTemplate", "UnitTestProjectTemplate\UnitTestProjectTemplate.csproj", "{8D37D060-46EC-4439-853E-F7D8469CC9F3}"
EndProject
Global
	GlobalSection(TestCaseManagementSettings) = postSolution
		CategoryFile = Moe.vsmdi
	EndGlobalSection
	GlobalSection(SolutionConfigurationPlatforms) = preSolution
		Debug|Any CPU = Debug|Any CPU
		Release|Any CPU = Release|Any CPU
	EndGlobalSection
	GlobalSection(ProjectConfigurationPlatforms) = postSolution
		{6ACB51AE-6C4A-479D-9F59-51DCF0565A17}.Debug|Any CPU.ActiveCfg = Debug|Any CPU
		{6ACB51AE-6C4A-479D-9F59-51DCF0565A17}.Debug|Any CPU.Build.0 = Debug|Any CPU
		{6ACB51AE-6C4A-479D-9F59-51DCF0565A17}.Release|Any CPU.ActiveCfg = Release|Any CPU
		{6ACB51AE-6C4A-479D-9F59-51DCF0565A17}.Release|Any CPU.Build.0 = Release|Any CPU
		{85D4AC2F-B4A5-49BD-9A77-5B6335028B0B}.Debug|Any CPU.ActiveCfg = Debug|Any CPU
		{85D4AC2F-B4A5-49BD-9A77-5B6335028B0B}.Debug|Any CPU.Build.0 = Debug|Any CPU
		{85D4AC2F-B4A5-49BD-9A77-5B6335028B0B}.Release|Any CPU.ActiveCfg = Release|Any CPU
		{85D4AC2F-B4A5-49BD-9A77-5B6335028B0B}.Release|Any CPU.Build.0 = Release|Any CPU
		{8D37D060-46EC-4439-853E-F7D8469CC9F3}.Debug|Any CPU.ActiveCfg = Debug|Any CPU
		{8D37D060-46EC-4439-853E-F7D8469CC9F3}.Debug|Any CPU.Build.0 = Debug|Any CPU
		{8D37D060-46EC-4439-853E-F7D8469CC9F3}.Release|Any CPU.ActiveCfg = Release|Any CPU
		{8D37D060-46EC-4439-853E-F7D8469CC9F3}.Release|Any CPU.Build.0 = Release|Any CPU
	EndGlobalSection
	GlobalSection(SolutionProperties) = preSolution
		HideSolutionNode = FALSE
	EndGlobalSection
EndGlobal
